
Microsoft Visual Studio Solution File, Format Version 12.00
# Visual Studio Version 16
VisualStudioVersion = 16.0.32602.291
MinimumVisualStudioVersion = 10.0.40219.1
Project("{9A19103F-16F7-4668-BE54-9A1E7A4F7556}") = "backend", "backend.csproj", "{CAC3E792-3D4B-44A5-8D3F-7C0C19D6EA7F}"
EndProject
Project("{E24C65DC-7377-472B-9ABA-BC803B73C61A}") = "frontend", "..\frontend\", "{6BB0A1B9-1B66-4145-9598-119C580190CE}"
	ProjectSection(WebsiteProperties) = preProject
		TargetFrameworkMoniker = ".NETFramework,Version%3Dv4.0"
		Debug.AspNetCompiler.VirtualPath = "/localhost_58710"
		Debug.AspNetCompiler.PhysicalPath = "..\frontend\"
		Debug.AspNetCompiler.TargetPath = "PrecompiledWeb\localhost_58710\"
		Debug.AspNetCompiler.Updateable = "true"
		Debug.AspNetCompiler.ForceOverwrite = "true"
		Debug.AspNetCompiler.FixedNames = "false"
		Debug.AspNetCompiler.Debug = "True"
		Release.AspNetCompiler.VirtualPath = "/localhost_58710"
		Release.AspNetCompiler.PhysicalPath = "..\frontend\"
		Release.AspNetCompiler.TargetPath = "PrecompiledWeb\localhost_58710\"
		Release.AspNetCompiler.Updateable = "true"
		Release.AspNetCompiler.ForceOverwrite = "true"
		Release.AspNetCompiler.FixedNames = "false"
		Release.AspNetCompiler.Debug = "False"
		VWDPort = "58710"
		SlnRelativePath = "..\frontend\"
	EndProjectSection
EndProject
Global
	GlobalSection(SolutionConfigurationPlatforms) = preSolution
		Debug|Any CPU = Debug|Any CPU
		Release|Any CPU = Release|Any CPU
	EndGlobalSection
	GlobalSection(ProjectConfigurationPlatforms) = postSolution
		{CAC3E792-3D4B-44A5-8D3F-7C0C19D6EA7F}.Debug|Any CPU.ActiveCfg = Debug|Any CPU
		{CAC3E792-3D4B-44A5-8D3F-7C0C19D6EA7F}.Debug|Any CPU.Build.0 = Debug|Any CPU
		{CAC3E792-3D4B-44A5-8D3F-7C0C19D6EA7F}.Release|Any CPU.ActiveCfg = Release|Any CPU
		{CAC3E792-3D4B-44A5-8D3F-7C0C19D6EA7F}.Release|Any CPU.Build.0 = Release|Any CPU
		{6BB0A1B9-1B66-4145-9598-119C580190CE}.Debug|Any CPU.ActiveCfg = Debug|Any CPU
		{6BB0A1B9-1B66-4145-9598-119C580190CE}.Debug|Any CPU.Build.0 = Debug|Any CPU
		{6BB0A1B9-1B66-4145-9598-119C580190CE}.Release|Any CPU.ActiveCfg = Debug|Any CPU
		{6BB0A1B9-1B66-4145-9598-119C580190CE}.Release|Any CPU.Build.0 = Debug|Any CPU
	EndGlobalSection
	GlobalSection(SolutionProperties) = preSolution
		HideSolutionNode = FALSE
	EndGlobalSection
	GlobalSection(ExtensibilityGlobals) = postSolution
		SolutionGuid = {3F5BD7D5-1D91-4BB5-B0D9-FDB2FA43CDFE}
	EndGlobalSection
EndGlobal
